{
  "nodes": {
    "fenix": {
      "inputs": {
        "nixpkgs": "nixpkgs",
        "rust-analyzer-src": "rust-analyzer-src"
      },
      "locked": {
        "lastModified": 1738477724,
        "narHash": "sha256-S1x0F7q9cJ6EEmZsakse2Ps6Adi7NadxRtGiuWUlwT0=",
        "owner": "nix-community",
        "repo": "fenix",
        "rev": "1936bb37b1d8597273e3611873dc09dd61b09818",
        "type": "github"
      },
      "original": {
        "id": "fenix",
        "type": "indirect"
      }
    },
    "nixpkgs": {
      "locked": {
        "lastModified": 1738410390,
        "narHash": "sha256-xvTo0Aw0+veek7hvEVLzErmJyQkEcRk6PSR4zsRQFEc=",
        "owner": "nixos",
        "repo": "nixpkgs",
        "rev": "3a228057f5b619feb3186e986dbe76278d707b6e",
        "type": "github"
      },
      "original": {
        "owner": "nixos",
        "ref": "nixos-unstable",
        "repo": "nixpkgs",
        "type": "github"
      }
    },
    "nixpkgs_2": {
      "locked": {
        "lastModified": 1738435198,
        "narHash": "sha256-5+Hmo4nbqw8FrW85FlNm4IIrRnZ7bn0cmXlScNsNRLo=",
        "type": "tarball",
        "url": "https://github.com/NixOS/nixpkgs/tarball/nixos-24.11"
      },
      "original": {
        "type": "tarball",
        "url": "https://github.com/NixOS/nixpkgs/tarball/nixos-24.11"
      }
    },
    "root": {
      "inputs": {
        "fenix": "fenix",
        "nixpkgs": "nixpkgs_2"
      }
    },
    "rust-analyzer-src": {
      "flake": false,
      "locked": {
        "lastModified": 1738433753,
        "narHash": "sha256-lyhEsEf5FQzV+KHVkfxIApMOFWHqyls5+llcQ/uhV6Y=",
        "owner": "rust-lang",
        "repo": "rust-analyzer",
        "rev": "88b901878e684e4f68f104fdbc48749f41bcccd3",
        "type": "github"
      },
      "original": {
        "owner": "rust-lang",
        "ref": "nightly",
        "repo": "rust-analyzer",
        "type": "github"
      }
    }
  },
  "root": "root",
  "version": 7
}
